
Microsoft Visual Studio Solution File, Format Version 12.00
Project("{FAE04EC0-301F-11D3-BF4B-00C04F79EFBC}") = "SE_Example_Program", "SE_Example_Program\SE_Example_Program.csproj", "{B799D38E-2B92-4E69-A602-9563E3C18138}"
EndProject
Global
	GlobalSection(SolutionConfigurationPlatforms) = preSolution
		Debug|Any CPU = Debug|Any CPU
		Release|Any CPU = Release|Any CPU
	EndGlobalSection
	GlobalSection(ProjectConfigurationPlatforms) = postSolution
		{B799D38E-2B92-4E69-A602-9563E3C18138}.Debug|Any CPU.ActiveCfg = Debug|Any CPU
		{B799D38E-2B92-4E69-A602-9563E3C18138}.Debug|Any CPU.Build.0 = Debug|Any CPU
		{B799D38E-2B92-4E69-A602-9563E3C18138}.Release|Any CPU.ActiveCfg = Release|Any CPU
		{B799D38E-2B92-4E69-A602-9563E3C18138}.Release|Any CPU.Build.0 = Release|Any CPU
	EndGlobalSection
EndGlobal
